
Microsoft Visual Studio Solution File, Format Version 12.00
# Visual Studio Version 17
VisualStudioVersion = 17.5.33414.496
MinimumVisualStudioVersion = 10.0.40219.1
Project("{9A19103F-16F7-4668-BE54-9A1E7A4F7556}") = "ListasSimplementeLigadas", "ListasSimplementeLigadas\ListasSimplementeLigadas.csproj", "{2D048079-4062-49DD-A5A3-A2733BFC497C}"
EndProject
Project("{FAE04EC0-301F-11D3-BF4B-00C04F79EFBC}") = "ListasCirculares", "ListasCirculares\ListasCirculares.csproj", "{38698944-6CC3-4DBD-BE1C-10F72C4BCD98}"
EndProject
Project("{FAE04EC0-301F-11D3-BF4B-00C04F79EFBC}") = "ListasDoblementeLigadas", "ListasDoblementeLigadas\ListasDoblementeLigadas.csproj", "{650C4D3B-B114-4F94-B20B-F904431B3C62}"
EndProject
Project("{FAE04EC0-301F-11D3-BF4B-00C04F79EFBC}") = "ListasCircularesDoblementeLigadas", "ListasCircularesDoblementeLigadas\ListasCircularesDoblementeLigadas.csproj", "{F46F2471-D92F-475F-AF8E-1BA17EAF2949}"
EndProject
Global
	GlobalSection(SolutionConfigurationPlatforms) = preSolution
		Debug|Any CPU = Debug|Any CPU
		Release|Any CPU = Release|Any CPU
	EndGlobalSection
	GlobalSection(ProjectConfigurationPlatforms) = postSolution
		{2D048079-4062-49DD-A5A3-A2733BFC497C}.Debug|Any CPU.ActiveCfg = Debug|Any CPU
		{2D048079-4062-49DD-A5A3-A2733BFC497C}.Debug|Any CPU.Build.0 = Debug|Any CPU
		{2D048079-4062-49DD-A5A3-A2733BFC497C}.Release|Any CPU.ActiveCfg = Release|Any CPU
		{2D048079-4062-49DD-A5A3-A2733BFC497C}.Release|Any CPU.Build.0 = Release|Any CPU
		{38698944-6CC3-4DBD-BE1C-10F72C4BCD98}.Debug|Any CPU.ActiveCfg = Debug|Any CPU
		{38698944-6CC3-4DBD-BE1C-10F72C4BCD98}.Debug|Any CPU.Build.0 = Debug|Any CPU
		{38698944-6CC3-4DBD-BE1C-10F72C4BCD98}.Release|Any CPU.ActiveCfg = Release|Any CPU
		{38698944-6CC3-4DBD-BE1C-10F72C4BCD98}.Release|Any CPU.Build.0 = Release|Any CPU
		{650C4D3B-B114-4F94-B20B-F904431B3C62}.Debug|Any CPU.ActiveCfg = Debug|Any CPU
		{650C4D3B-B114-4F94-B20B-F904431B3C62}.Debug|Any CPU.Build.0 = Debug|Any CPU
		{650C4D3B-B114-4F94-B20B-F904431B3C62}.Release|Any CPU.ActiveCfg = Release|Any CPU
		{650C4D3B-B114-4F94-B20B-F904431B3C62}.Release|Any CPU.Build.0 = Release|Any CPU
		{F46F2471-D92F-475F-AF8E-1BA17EAF2949}.Debug|Any CPU.ActiveCfg = Debug|Any CPU
		{F46F2471-D92F-475F-AF8E-1BA17EAF2949}.Debug|Any CPU.Build.0 = Debug|Any CPU
		{F46F2471-D92F-475F-AF8E-1BA17EAF2949}.Release|Any CPU.ActiveCfg = Release|Any CPU
		{F46F2471-D92F-475F-AF8E-1BA17EAF2949}.Release|Any CPU.Build.0 = Release|Any CPU
	EndGlobalSection
	GlobalSection(SolutionProperties) = preSolution
		HideSolutionNode = FALSE
	EndGlobalSection
	GlobalSection(ExtensibilityGlobals) = postSolution
		SolutionGuid = {B1534645-B8DD-458C-BC26-921208D1BB31}
	EndGlobalSection
EndGlobal
